
Microsoft Visual Studio Solution File, Format Version 12.00
# Visual Studio Version 17
VisualStudioVersion = 17.8.34330.188
MinimumVisualStudioVersion = 10.0.40219.1
Project("{FAE04EC0-301F-11D3-BF4B-00C04F79EFBC}") = "Grafico", "Grafico\Grafico.csproj", "{2A11B719-D1EA-4594-A361-55E8EFF81F24}"
EndProject
Global
	GlobalSection(SolutionConfigurationPlatforms) = preSolution
		Debug|Any CPU = Debug|Any CPU
		Release|Any CPU = Release|Any CPU
	EndGlobalSection
	GlobalSection(ProjectConfigurationPlatforms) = postSolution
		{2A11B719-D1EA-4594-A361-55E8EFF81F24}.Debug|Any CPU.ActiveCfg = Debug|Any CPU
		{2A11B719-D1EA-4594-A361-55E8EFF81F24}.Debug|Any CPU.Build.0 = Debug|Any CPU
		{2A11B719-D1EA-4594-A361-55E8EFF81F24}.Release|Any CPU.ActiveCfg = Release|Any CPU
		{2A11B719-D1EA-4594-A361-55E8EFF81F24}.Release|Any CPU.Build.0 = Release|Any CPU
	EndGlobalSection
	GlobalSection(SolutionProperties) = preSolution
		HideSolutionNode = FALSE
	EndGlobalSection
	GlobalSection(ExtensibilityGlobals) = postSolution
		SolutionGuid = {28D56086-0CAB-41B2-8EFB-210A3D108CA7}
	EndGlobalSection
EndGlobal
